
Microsoft Visual Studio Solution File, Format Version 12.00
# Visual Studio Version 17
VisualStudioVersion = 17.6.33829.357
MinimumVisualStudioVersion = 10.0.40219.1
Project("{9A19103F-16F7-4668-BE54-9A1E7A4F7556}") = "CityMall.Domain", "src\Core\Domain\CityMall.Domain\CityMall.Domain.csproj", "{794683DD-159F-49B4-8D15-F56617CFA905}"
EndProject
Project("{9A19103F-16F7-4668-BE54-9A1E7A4F7556}") = "CityMall.Infrastructure", "src\Core\Infrastructure\CityMall.Infrastructure\CityMall.Infrastructure.csproj", "{93BDFBE9-B5D0-46CE-92DD-759B7F7B21B4}"
EndProject
Project("{9A19103F-16F7-4668-BE54-9A1E7A4F7556}") = "CityMall.Dtos", "src\Dtos\CityMall.Dtos\CityMall.Dtos.csproj", "{043F6EB3-050E-4B29-9E78-D1500AEE9243}"
EndProject
Project("{9A19103F-16F7-4668-BE54-9A1E7A4F7556}") = "CityMall.Services", "src\Services\CityMall.Services\CityMall.Services.csproj", "{AB9DFAB7-6D34-4D43-BCE4-84E971CB3A44}"
EndProject
Project("{9A19103F-16F7-4668-BE54-9A1E7A4F7556}") = "CityMall.Application", "src\Application\CityMall.Application\CityMall.Application.csproj", "{1930713D-3895-4C0D-835C-F61D550C54AF}"
EndProject
Project("{9A19103F-16F7-4668-BE54-9A1E7A4F7556}") = "CityMall.API", "src\API\CityMall.API\CityMall.API.csproj", "{BC3303B0-A1F4-4E5A-A7BC-179DFB4763E1}"
EndProject
Project("{2150E333-8FDC-42A3-9474-1A3956D46DE8}") = "src", "src", "{81FB7CAB-3CB1-4B07-BDBD-4D63C9C79A4D}"
EndProject
Project("{2150E333-8FDC-42A3-9474-1A3956D46DE8}") = "Application", "Application", "{55A62D43-FA72-43DA-A422-A34CB9BCB7F0}"
EndProject
Project("{2150E333-8FDC-42A3-9474-1A3956D46DE8}") = "Core", "Core", "{3B1F4FB3-4FB8-4861-AD47-841CA654F079}"
EndProject
Project("{2150E333-8FDC-42A3-9474-1A3956D46DE8}") = "Domain", "Domain", "{91B7E1E4-471F-4A62-8B2E-76C78F3FB6D1}"
EndProject
Project("{2150E333-8FDC-42A3-9474-1A3956D46DE8}") = "Infrastructure", "Infrastructure", "{13071879-FEA6-4826-925E-53BC50C8BFA9}"
EndProject
Project("{2150E333-8FDC-42A3-9474-1A3956D46DE8}") = "Services", "Services", "{CA1E2C2C-DBA9-4DAB-97B5-DB768868EA56}"
EndProject
Project("{2150E333-8FDC-42A3-9474-1A3956D46DE8}") = "Dtos", "Dtos", "{FAEE2BA1-94F9-4FB1-B981-1723EB6740DE}"
EndProject
Project("{2150E333-8FDC-42A3-9474-1A3956D46DE8}") = "test", "test", "{4AD301C6-22E6-4E66-B8DD-4FA8856B916A}"
EndProject
Project("{2150E333-8FDC-42A3-9474-1A3956D46DE8}") = "API", "API", "{52F85FE1-960E-4E48-A206-45768AFA8A8A}"
EndProject
Project("{9A19103F-16F7-4668-BE54-9A1E7A4F7556}") = "CityMall.API.Test", "test\API\CityMall.API.Test\CityMall.API.Test.csproj", "{C7153FA9-84AE-4DDE-A8B5-FBEE9FB9FA5E}"
EndProject
Project("{2150E333-8FDC-42A3-9474-1A3956D46DE8}") = "API", "API", "{F407F091-B3B8-4681-98E3-D2294CDA9914}"
EndProject
Project("{2150E333-8FDC-42A3-9474-1A3956D46DE8}") = "Dtos", "Dtos", "{21ADEAEE-5340-47DD-A0E1-8CB9AE1A44FF}"
EndProject
Project("{2150E333-8FDC-42A3-9474-1A3956D46DE8}") = "Core", "Core", "{DF990490-644C-481F-B180-D790710005E8}"
EndProject
Project("{2150E333-8FDC-42A3-9474-1A3956D46DE8}") = "Domain", "Domain", "{E3D14CF8-127F-49BA-A4AA-85609BEEDCA5}"
EndProject
Project("{2150E333-8FDC-42A3-9474-1A3956D46DE8}") = "Infrastructure", "Infrastructure", "{07C4CDF1-3DEC-4315-8DB0-893EBDBE7DA3}"
EndProject
Project("{2150E333-8FDC-42A3-9474-1A3956D46DE8}") = "Services", "Services", "{D8ACD4F1-3FE4-4C96-95C8-18296B6DA0B5}"
EndProject
Project("{2150E333-8FDC-42A3-9474-1A3956D46DE8}") = "Application", "Application", "{42A56A10-F893-46B7-B95F-D14B701C7FB5}"
EndProject
Project("{9A19103F-16F7-4668-BE54-9A1E7A4F7556}") = "CityMall.Application.Test", "test\Application\CityMall.Application.Test\CityMall.Application.Test.csproj", "{E54AECE6-049A-40DE-B91C-182372306C5A}"
EndProject
Project("{9A19103F-16F7-4668-BE54-9A1E7A4F7556}") = "CityMall.Domain.Test", "test\Core\Domian\CityMall.Domain.Test\CityMall.Domain.Test.csproj", "{02402687-DF2B-454A-BBD8-552AA542C628}"
EndProject
Project("{9A19103F-16F7-4668-BE54-9A1E7A4F7556}") = "CityMall.Infrastructure.Test", "test\Core\Infrastructure\CityMall.Infrastructure.Test\CityMall.Infrastructure.Test.csproj", "{83B8C669-9261-45E5-8F24-49CC440B6430}"
EndProject
Project("{9A19103F-16F7-4668-BE54-9A1E7A4F7556}") = "CityMall.Dtos.Test", "test\Dtos\CityMall.Dtos.Test\CityMall.Dtos.Test.csproj", "{AA3664F3-69E1-4D6A-AAF7-C8570BC2E785}"
EndProject
Project("{9A19103F-16F7-4668-BE54-9A1E7A4F7556}") = "CityMall.Services.Test", "test\Services\CityMall.Services.Test\CityMall.Services.Test.csproj", "{CE41073F-7BF6-494F-BAD0-C5D0A9789BF4}"
EndProject
Project("{2150E333-8FDC-42A3-9474-1A3956D46DE8}") = "Specifications", "Specifications", "{F35FFB69-C286-40F2-AE08-8D9A97740882}"
EndProject
Project("{9A19103F-16F7-4668-BE54-9A1E7A4F7556}") = "CityMall.Specifications", "src\Specifications\CityMall.Specifications\CityMall.Specifications.csproj", "{EC3F3AB2-282E-4D52-813C-A9347D78F782}"
EndProject
Project("{2150E333-8FDC-42A3-9474-1A3956D46DE8}") = "Specifications", "Specifications", "{8A36A287-D8FD-4A1D-9BB0-A46E24F06132}"
EndProject
Project("{9A19103F-16F7-4668-BE54-9A1E7A4F7556}") = "CityMall.Specifications.Test", "test\Specifications\CityMall.Specifications.Test\CityMall.Specifications.Test.csproj", "{60492C8A-6806-4FDD-A9EA-66CCEE1872B0}"
EndProject
Global
	GlobalSection(SolutionConfigurationPlatforms) = preSolution
		Debug|Any CPU = Debug|Any CPU
		Release|Any CPU = Release|Any CPU
	EndGlobalSection
	GlobalSection(ProjectConfigurationPlatforms) = postSolution
		{794683DD-159F-49B4-8D15-F56617CFA905}.Debug|Any CPU.ActiveCfg = Debug|Any CPU
		{794683DD-159F-49B4-8D15-F56617CFA905}.Debug|Any CPU.Build.0 = Debug|Any CPU
		{794683DD-159F-49B4-8D15-F56617CFA905}.Release|Any CPU.ActiveCfg = Release|Any CPU
		{794683DD-159F-49B4-8D15-F56617CFA905}.Release|Any CPU.Build.0 = Release|Any CPU
		{93BDFBE9-B5D0-46CE-92DD-759B7F7B21B4}.Debug|Any CPU.ActiveCfg = Debug|Any CPU
		{93BDFBE9-B5D0-46CE-92DD-759B7F7B21B4}.Debug|Any CPU.Build.0 = Debug|Any CPU
		{93BDFBE9-B5D0-46CE-92DD-759B7F7B21B4}.Release|Any CPU.ActiveCfg = Release|Any CPU
		{93BDFBE9-B5D0-46CE-92DD-759B7F7B21B4}.Release|Any CPU.Build.0 = Release|Any CPU
		{043F6EB3-050E-4B29-9E78-D1500AEE9243}.Debug|Any CPU.ActiveCfg = Debug|Any CPU
		{043F6EB3-050E-4B29-9E78-D1500AEE9243}.Debug|Any CPU.Build.0 = Debug|Any CPU
		{043F6EB3-050E-4B29-9E78-D1500AEE9243}.Release|Any CPU.ActiveCfg = Release|Any CPU
		{043F6EB3-050E-4B29-9E78-D1500AEE9243}.Release|Any CPU.Build.0 = Release|Any CPU
		{AB9DFAB7-6D34-4D43-BCE4-84E971CB3A44}.Debug|Any CPU.ActiveCfg = Debug|Any CPU
		{AB9DFAB7-6D34-4D43-BCE4-84E971CB3A44}.Debug|Any CPU.Build.0 = Debug|Any CPU
		{AB9DFAB7-6D34-4D43-BCE4-84E971CB3A44}.Release|Any CPU.ActiveCfg = Release|Any CPU
		{AB9DFAB7-6D34-4D43-BCE4-84E971CB3A44}.Release|Any CPU.Build.0 = Release|Any CPU
		{1930713D-3895-4C0D-835C-F61D550C54AF}.Debug|Any CPU.ActiveCfg = Debug|Any CPU
		{1930713D-3895-4C0D-835C-F61D550C54AF}.Debug|Any CPU.Build.0 = Debug|Any CPU
		{1930713D-3895-4C0D-835C-F61D550C54AF}.Release|Any CPU.ActiveCfg = Release|Any CPU
		{1930713D-3895-4C0D-835C-F61D550C54AF}.Release|Any CPU.Build.0 = Release|Any CPU
		{BC3303B0-A1F4-4E5A-A7BC-179DFB4763E1}.Debug|Any CPU.ActiveCfg = Debug|Any CPU
		{BC3303B0-A1F4-4E5A-A7BC-179DFB4763E1}.Debug|Any CPU.Build.0 = Debug|Any CPU
		{BC3303B0-A1F4-4E5A-A7BC-179DFB4763E1}.Release|Any CPU.ActiveCfg = Release|Any CPU
		{BC3303B0-A1F4-4E5A-A7BC-179DFB4763E1}.Release|Any CPU.Build.0 = Release|Any CPU
		{C7153FA9-84AE-4DDE-A8B5-FBEE9FB9FA5E}.Debug|Any CPU.ActiveCfg = Debug|Any CPU
		{C7153FA9-84AE-4DDE-A8B5-FBEE9FB9FA5E}.Debug|Any CPU.Build.0 = Debug|Any CPU
		{C7153FA9-84AE-4DDE-A8B5-FBEE9FB9FA5E}.Release|Any CPU.ActiveCfg = Release|Any CPU
		{C7153FA9-84AE-4DDE-A8B5-FBEE9FB9FA5E}.Release|Any CPU.Build.0 = Release|Any CPU
		{E54AECE6-049A-40DE-B91C-182372306C5A}.Debug|Any CPU.ActiveCfg = Debug|Any CPU
		{E54AECE6-049A-40DE-B91C-182372306C5A}.Debug|Any CPU.Build.0 = Debug|Any CPU
		{E54AECE6-049A-40DE-B91C-182372306C5A}.Release|Any CPU.ActiveCfg = Release|Any CPU
		{E54AECE6-049A-40DE-B91C-182372306C5A}.Release|Any CPU.Build.0 = Release|Any CPU
		{02402687-DF2B-454A-BBD8-552AA542C628}.Debug|Any CPU.ActiveCfg = Debug|Any CPU
		{02402687-DF2B-454A-BBD8-552AA542C628}.Debug|Any CPU.Build.0 = Debug|Any CPU
		{02402687-DF2B-454A-BBD8-552AA542C628}.Release|Any CPU.ActiveCfg = Release|Any CPU
		{02402687-DF2B-454A-BBD8-552AA542C628}.Release|Any CPU.Build.0 = Release|Any CPU
		{83B8C669-9261-45E5-8F24-49CC440B6430}.Debug|Any CPU.ActiveCfg = Debug|Any CPU
		{83B8C669-9261-45E5-8F24-49CC440B6430}.Debug|Any CPU.Build.0 = Debug|Any CPU
		{83B8C669-9261-45E5-8F24-49CC440B6430}.Release|Any CPU.ActiveCfg = Release|Any CPU
		{83B8C669-9261-45E5-8F24-49CC440B6430}.Release|Any CPU.Build.0 = Release|Any CPU
		{AA3664F3-69E1-4D6A-AAF7-C8570BC2E785}.Debug|Any CPU.ActiveCfg = Debug|Any CPU
		{AA3664F3-69E1-4D6A-AAF7-C8570BC2E785}.Debug|Any CPU.Build.0 = Debug|Any CPU
		{AA3664F3-69E1-4D6A-AAF7-C8570BC2E785}.Release|Any CPU.ActiveCfg = Release|Any CPU
		{AA3664F3-69E1-4D6A-AAF7-C8570BC2E785}.Release|Any CPU.Build.0 = Release|Any CPU
		{CE41073F-7BF6-494F-BAD0-C5D0A9789BF4}.Debug|Any CPU.ActiveCfg = Debug|Any CPU
		{CE41073F-7BF6-494F-BAD0-C5D0A9789BF4}.Debug|Any CPU.Build.0 = Debug|Any CPU
		{CE41073F-7BF6-494F-BAD0-C5D0A9789BF4}.Release|Any CPU.ActiveCfg = Release|Any CPU
		{CE41073F-7BF6-494F-BAD0-C5D0A9789BF4}.Release|Any CPU.Build.0 = Release|Any CPU
		{EC3F3AB2-282E-4D52-813C-A9347D78F782}.Debug|Any CPU.ActiveCfg = Debug|Any CPU
		{EC3F3AB2-282E-4D52-813C-A9347D78F782}.Debug|Any CPU.Build.0 = Debug|Any CPU
		{EC3F3AB2-282E-4D52-813C-A9347D78F782}.Release|Any CPU.ActiveCfg = Release|Any CPU
		{EC3F3AB2-282E-4D52-813C-A9347D78F782}.Release|Any CPU.Build.0 = Release|Any CPU
		{60492C8A-6806-4FDD-A9EA-66CCEE1872B0}.Debug|Any CPU.ActiveCfg = Debug|Any CPU
		{60492C8A-6806-4FDD-A9EA-66CCEE1872B0}.Debug|Any CPU.Build.0 = Debug|Any CPU
		{60492C8A-6806-4FDD-A9EA-66CCEE1872B0}.Release|Any CPU.ActiveCfg = Release|Any CPU
		{60492C8A-6806-4FDD-A9EA-66CCEE1872B0}.Release|Any CPU.Build.0 = Release|Any CPU
	EndGlobalSection
	GlobalSection(SolutionProperties) = preSolution
		HideSolutionNode = FALSE
	EndGlobalSection
	GlobalSection(NestedProjects) = preSolution
		{794683DD-159F-49B4-8D15-F56617CFA905} = {91B7E1E4-471F-4A62-8B2E-76C78F3FB6D1}
		{93BDFBE9-B5D0-46CE-92DD-759B7F7B21B4} = {13071879-FEA6-4826-925E-53BC50C8BFA9}
		{043F6EB3-050E-4B29-9E78-D1500AEE9243} = {FAEE2BA1-94F9-4FB1-B981-1723EB6740DE}
		{AB9DFAB7-6D34-4D43-BCE4-84E971CB3A44} = {CA1E2C2C-DBA9-4DAB-97B5-DB768868EA56}
		{1930713D-3895-4C0D-835C-F61D550C54AF} = {55A62D43-FA72-43DA-A422-A34CB9BCB7F0}
		{BC3303B0-A1F4-4E5A-A7BC-179DFB4763E1} = {52F85FE1-960E-4E48-A206-45768AFA8A8A}
		{55A62D43-FA72-43DA-A422-A34CB9BCB7F0} = {81FB7CAB-3CB1-4B07-BDBD-4D63C9C79A4D}
		{3B1F4FB3-4FB8-4861-AD47-841CA654F079} = {81FB7CAB-3CB1-4B07-BDBD-4D63C9C79A4D}
		{91B7E1E4-471F-4A62-8B2E-76C78F3FB6D1} = {3B1F4FB3-4FB8-4861-AD47-841CA654F079}
		{13071879-FEA6-4826-925E-53BC50C8BFA9} = {3B1F4FB3-4FB8-4861-AD47-841CA654F079}
		{CA1E2C2C-DBA9-4DAB-97B5-DB768868EA56} = {81FB7CAB-3CB1-4B07-BDBD-4D63C9C79A4D}
		{FAEE2BA1-94F9-4FB1-B981-1723EB6740DE} = {81FB7CAB-3CB1-4B07-BDBD-4D63C9C79A4D}
		{52F85FE1-960E-4E48-A206-45768AFA8A8A} = {81FB7CAB-3CB1-4B07-BDBD-4D63C9C79A4D}
		{C7153FA9-84AE-4DDE-A8B5-FBEE9FB9FA5E} = {F407F091-B3B8-4681-98E3-D2294CDA9914}
		{F407F091-B3B8-4681-98E3-D2294CDA9914} = {4AD301C6-22E6-4E66-B8DD-4FA8856B916A}
		{21ADEAEE-5340-47DD-A0E1-8CB9AE1A44FF} = {4AD301C6-22E6-4E66-B8DD-4FA8856B916A}
		{DF990490-644C-481F-B180-D790710005E8} = {4AD301C6-22E6-4E66-B8DD-4FA8856B916A}
		{E3D14CF8-127F-49BA-A4AA-85609BEEDCA5} = {DF990490-644C-481F-B180-D790710005E8}
		{07C4CDF1-3DEC-4315-8DB0-893EBDBE7DA3} = {DF990490-644C-481F-B180-D790710005E8}
		{D8ACD4F1-3FE4-4C96-95C8-18296B6DA0B5} = {4AD301C6-22E6-4E66-B8DD-4FA8856B916A}
		{42A56A10-F893-46B7-B95F-D14B701C7FB5} = {4AD301C6-22E6-4E66-B8DD-4FA8856B916A}
		{E54AECE6-049A-40DE-B91C-182372306C5A} = {42A56A10-F893-46B7-B95F-D14B701C7FB5}
		{02402687-DF2B-454A-BBD8-552AA542C628} = {E3D14CF8-127F-49BA-A4AA-85609BEEDCA5}
		{83B8C669-9261-45E5-8F24-49CC440B6430} = {07C4CDF1-3DEC-4315-8DB0-893EBDBE7DA3}
		{AA3664F3-69E1-4D6A-AAF7-C8570BC2E785} = {21ADEAEE-5340-47DD-A0E1-8CB9AE1A44FF}
		{CE41073F-7BF6-494F-BAD0-C5D0A9789BF4} = {D8ACD4F1-3FE4-4C96-95C8-18296B6DA0B5}
		{F35FFB69-C286-40F2-AE08-8D9A97740882} = {3B1F4FB3-4FB8-4861-AD47-841CA654F079}
		{EC3F3AB2-282E-4D52-813C-A9347D78F782} = {F35FFB69-C286-40F2-AE08-8D9A97740882}
		{8A36A287-D8FD-4A1D-9BB0-A46E24F06132} = {DF990490-644C-481F-B180-D790710005E8}
		{60492C8A-6806-4FDD-A9EA-66CCEE1872B0} = {8A36A287-D8FD-4A1D-9BB0-A46E24F06132}
	EndGlobalSection
	GlobalSection(ExtensibilityGlobals) = postSolution
		SolutionGuid = {716550F7-572E-4432-8A99-D7C2128D70EB}
	EndGlobalSection
EndGlobal
